
Microsoft Visual Studio Solution File, Format Version 12.00
# Visual Studio 15
VisualStudioVersion = 15.0.27004.2005
MinimumVisualStudioVersion = 10.0.40219.1
Project("{8BC9CEB8-8B4A-11D0-8D11-00A0C91BC942}") = "OGLAPP1", "OGLAPP1.vcxproj", "{DCFBC604-CF0F-4903-A8C6-D090C41C1FCF}"
EndProject
Global
	GlobalSection(SolutionConfigurationPlatforms) = preSolution
		Debug|x64 = Debug|x64
		Debug|x86 = Debug|x86
		Release|x64 = Release|x64
		Release|x86 = Release|x86
	EndGlobalSection
	GlobalSection(ProjectConfigurationPlatforms) = postSolution
		{DCFBC604-CF0F-4903-A8C6-D090C41C1FCF}.Debug|x64.ActiveCfg = Debug|x64
		{DCFBC604-CF0F-4903-A8C6-D090C41C1FCF}.Debug|x64.Build.0 = Debug|x64
		{DCFBC604-CF0F-4903-A8C6-D090C41C1FCF}.Debug|x86.ActiveCfg = Debug|Win32
		{DCFBC604-CF0F-4903-A8C6-D090C41C1FCF}.Debug|x86.Build.0 = Debug|Win32
		{DCFBC604-CF0F-4903-A8C6-D090C41C1FCF}.Release|x64.ActiveCfg = Release|x64
		{DCFBC604-CF0F-4903-A8C6-D090C41C1FCF}.Release|x64.Build.0 = Release|x64
		{DCFBC604-CF0F-4903-A8C6-D090C41C1FCF}.Release|x86.ActiveCfg = Release|Win32
		{DCFBC604-CF0F-4903-A8C6-D090C41C1FCF}.Release|x86.Build.0 = Release|Win32
	EndGlobalSection
	GlobalSection(SolutionProperties) = preSolution
		HideSolutionNode = FALSE
	EndGlobalSection
	GlobalSection(ExtensibilityGlobals) = postSolution
		SolutionGuid = {1B33DDF2-6806-45F0-90D6-C80A6A96DB69}
	EndGlobalSection
EndGlobal
